// !$*UTF8*$!
{
	archiveVersion = 1;
	classes = {
	};
	objectVersion = 50;
	objects = {

/* Begin PBXBuildFile section */
		39B2B8EC29B4C2FF63DE03F8 /* Pods_Reminder.framework in Frameworks */ = {isa = PBXBuildFile; fileRef = C3F4BAAF98B6F9DBDA905897 /* Pods_Reminder.framework */; };
		73FB1070E137DE4B38EAD98D /* Pods_ReminderTests.framework in Frameworks */ = {isa = PBXBuildFile; fileRef = 691002123DB865D8E12F6E3E /* Pods_ReminderTests.framework */; };
		9BC75ADE0C91B2E8F9546D3B /* Pods_Reminder_ReminderUITests.framework in Frameworks */ = {isa = PBXBuildFile; fileRef = 8CF5681B86CEDF7F8FD320B1 /* Pods_Reminder_ReminderUITests.framework */; };
		B6BECA25D2F0B0AA21AA2338 /* Pods_Reminder.framework in Frameworks */ = {isa = PBXBuildFile; fileRef = 5C46BA55A45F8C41BAAC0525 /* Pods_Reminder.framework */; };
		D67E867E81CDDD903C7AF7B3 /* Pods_ReminderTests.framework in Frameworks */ = {isa = PBXBuildFile; fileRef = 920DDA23AA0ECD698BD45F7F /* Pods_ReminderTests.framework */; };
		E84950A22206BD5A00643256 /* Utils.swift in Sources */ = {isa = PBXBuildFile; fileRef = E84950A12206BD5A00643256 /* Utils.swift */; };
		E85C651A22062FD40002E83F /* PagedHorizontalCollectionViewController.swift in Sources */ = {isa = PBXBuildFile; fileRef = E85C651922062FD40002E83F /* PagedHorizontalCollectionViewController.swift */; };
		E85C651C22066BA50002E83F /* MockDataManager.swift in Sources */ = {isa = PBXBuildFile; fileRef = E85C651B22066BA50002E83F /* MockDataManager.swift */; };
		E85C651E22066DCF0002E83F /* MockWireFrame.swift in Sources */ = {isa = PBXBuildFile; fileRef = E85C651D22066DCF0002E83F /* MockWireFrame.swift */; };
		E88B315122228D9F005FD63B /* MockHomeViewController.swift in Sources */ = {isa = PBXBuildFile; fileRef = E88B315022228D9F005FD63B /* MockHomeViewController.swift */; };
		E88B315422228E82005FD63B /* ReminderPageModel.swift in Sources */ = {isa = PBXBuildFile; fileRef = E88B315222228E81005FD63B /* ReminderPageModel.swift */; };
		E88B31672222933F005FD63B /* MockFirestore.swift in Sources */ = {isa = PBXBuildFile; fileRef = E88B31662222933F005FD63B /* MockFirestore.swift */; };
		E8AB8341221A8D3A00D7987D /* FirestoreProtocols.swift in Sources */ = {isa = PBXBuildFile; fileRef = E8AB8340221A8D3A00D7987D /* FirestoreProtocols.swift */; };
		E8DD346922068B2800CD308E /* DataManagerTests.swift in Sources */ = {isa = PBXBuildFile; fileRef = E8DD346822068B2800CD308E /* DataManagerTests.swift */; };
		E8E127F72186A0BC00916B9C /* AppDelegate.swift in Sources */ = {isa = PBXBuildFile; fileRef = E8E127F62186A0BC00916B9C /* AppDelegate.swift */; };
		E8E127FE2186A0BD00916B9C /* Assets.xcassets in Resources */ = {isa = PBXBuildFile; fileRef = E8E127FD2186A0BD00916B9C /* Assets.xcassets */; };
		E8E1280C2186A0BD00916B9C /* ReminderTests.swift in Sources */ = {isa = PBXBuildFile; fileRef = E8E1280B2186A0BD00916B9C /* ReminderTests.swift */; };
		E8E128172186A0BD00916B9C /* ReminderUITests.swift in Sources */ = {isa = PBXBuildFile; fileRef = E8E128162186A0BD00916B9C /* ReminderUITests.swift */; };
		E8E128252186A17100916B9C /* AppLauncher.swift in Sources */ = {isa = PBXBuildFile; fileRef = E8E128242186A17100916B9C /* AppLauncher.swift */; };
		E8E1282A2186A19D00916B9C /* HomeViewController.swift in Sources */ = {isa = PBXBuildFile; fileRef = E8E128262186A19D00916B9C /* HomeViewController.swift */; };
		E8E1282B2186A19D00916B9C /* HomeInteractor.swift in Sources */ = {isa = PBXBuildFile; fileRef = E8E128272186A19D00916B9C /* HomeInteractor.swift */; };
		E8E1282C2186A19D00916B9C /* HomeDataManager.swift in Sources */ = {isa = PBXBuildFile; fileRef = E8E128282186A19D00916B9C /* HomeDataManager.swift */; };
		E8E1282D2186A19D00916B9C /* HomePresenter.swift in Sources */ = {isa = PBXBuildFile; fileRef = E8E128292186A19D00916B9C /* HomePresenter.swift */; };
		E8E1282F2186A1A400916B9C /* Reminder.swift in Sources */ = {isa = PBXBuildFile; fileRef = E8E1282E2186A1A400916B9C /* Reminder.swift */; };
		E8E128312186A1B000916B9C /* HomeWireframe.swift in Sources */ = {isa = PBXBuildFile; fileRef = E8E128302186A1B000916B9C /* HomeWireframe.swift */; };
		E8E128332186A2B200916B9C /* ReminderCell.swift in Sources */ = {isa = PBXBuildFile; fileRef = E8E128322186A2B200916B9C /* ReminderCell.swift */; };
		E8E128362186A2BA00916B9C /* ReminderDetailViewController.swift in Sources */ = {isa = PBXBuildFile; fileRef = E8E128342186A2B900916B9C /* ReminderDetailViewController.swift */; };
		E8E128392186A2C900916B9C /* HorizontalCollectionView.swift in Sources */ = {isa = PBXBuildFile; fileRef = E8E128382186A2C900916B9C /* HorizontalCollectionView.swift */; };
		E8E1283D2186A2EB00916B9C /* CollectionView.swift in Sources */ = {isa = PBXBuildFile; fileRef = E8E1283C2186A2EB00916B9C /* CollectionView.swift */; };
		E8E128432186A55600916B9C /* GoogleService-Info.plist in Resources */ = {isa = PBXBuildFile; fileRef = E8E128422186A55600916B9C /* GoogleService-Info.plist */; };
		F50385DD4ED746F250B8D43A /* Pods_Reminder_ReminderUITests.framework in Frameworks */ = {isa = PBXBuildFile; fileRef = 3280A88262723742DB25D667 /* Pods_Reminder_ReminderUITests.framework */; };
/* End PBXBuildFile section */

/* Begin PBXContainerItemProxy section */
		E8E128082186A0BD00916B9C /* PBXContainerItemProxy */ = {
			isa = PBXContainerItemProxy;
			containerPortal = E8E127EB2186A0BC00916B9C /* Project object */;
			proxyType = 1;
			remoteGlobalIDString = E8E127F22186A0BC00916B9C;
			remoteInfo = Reminder;
		};
		E8E128132186A0BD00916B9C /* PBXContainerItemProxy */ = {
			isa = PBXContainerItemProxy;
			containerPortal = E8E127EB2186A0BC00916B9C /* Project object */;
			proxyType = 1;
			remoteGlobalIDString = E8E127F22186A0BC00916B9C;
			remoteInfo = Reminder;
		};
/* End PBXContainerItemProxy section */

/* Begin PBXFileReference section */
		1A9471094D7DE5E56E019CBF /* Pods-Reminder-ReminderUITests.release.xcconfig */ = {isa = PBXFileReference; includeInIndex = 1; lastKnownFileType = text.xcconfig; name = "Pods-Reminder-ReminderUITests.release.xcconfig"; path = "Pods/Target Support Files/Pods-Reminder-ReminderUITests/Pods-Reminder-ReminderUITests.release.xcconfig"; sourceTree = "<group>"; };
		3280A88262723742DB25D667 /* Pods_Reminder_ReminderUITests.framework */ = {isa = PBXFileReference; explicitFileType = wrapper.framework; includeInIndex = 0; name = Pods_Reminder_ReminderUITests.framework; path = "../Debug-iphonesimulator/Pods_Reminder_ReminderUITests.framework"; sourceTree = BUILT_PRODUCTS_DIR; };
		3CEC0368EC788D0F16BE0C16 /* Pods-ReminderTests.release.xcconfig */ = {isa = PBXFileReference; includeInIndex = 1; lastKnownFileType = text.xcconfig; name = "Pods-ReminderTests.release.xcconfig"; path = "Pods/Target Support Files/Pods-ReminderTests/Pods-ReminderTests.release.xcconfig"; sourceTree = "<group>"; };
		5C46BA55A45F8C41BAAC0525 /* Pods_Reminder.framework */ = {isa = PBXFileReference; explicitFileType = wrapper.framework; includeInIndex = 0; name = Pods_Reminder.framework; path = "../Debug-iphonesimulator/Pods_Reminder.framework"; sourceTree = BUILT_PRODUCTS_DIR; };
		5E12A5774FC53276A8873A49 /* Pods-Reminder-ReminderUITests.debug.xcconfig */ = {isa = PBXFileReference; includeInIndex = 1; lastKnownFileType = text.xcconfig; name = "Pods-Reminder-ReminderUITests.debug.xcconfig"; path = "Pods/Target Support Files/Pods-Reminder-ReminderUITests/Pods-Reminder-ReminderUITests.debug.xcconfig"; sourceTree = "<group>"; };
		691002123DB865D8E12F6E3E /* Pods_ReminderTests.framework */ = {isa = PBXFileReference; explicitFileType = wrapper.framework; includeInIndex = 0; path = Pods_ReminderTests.framework; sourceTree = BUILT_PRODUCTS_DIR; };
		6CA3067B2F8D1B0A5FEE7B0A /* Pods-Reminder.debug.xcconfig */ = {isa = PBXFileReference; includeInIndex = 1; lastKnownFileType = text.xcconfig; name = "Pods-Reminder.debug.xcconfig"; path = "Pods/Target Support Files/Pods-Reminder/Pods-Reminder.debug.xcconfig"; sourceTree = "<group>"; };
		8CF5681B86CEDF7F8FD320B1 /* Pods_Reminder_ReminderUITests.framework */ = {isa = PBXFileReference; explicitFileType = wrapper.framework; includeInIndex = 0; path = Pods_Reminder_ReminderUITests.framework; sourceTree = BUILT_PRODUCTS_DIR; };
		8E4AE4998314C1977D6492A2 /* Pods-Reminder.release.xcconfig */ = {isa = PBXFileReference; includeInIndex = 1; lastKnownFileType = text.xcconfig; name = "Pods-Reminder.release.xcconfig"; path = "Pods/Target Support Files/Pods-Reminder/Pods-Reminder.release.xcconfig"; sourceTree = "<group>"; };
		920DDA23AA0ECD698BD45F7F /* Pods_ReminderTests.framework */ = {isa = PBXFileReference; explicitFileType = wrapper.framework; includeInIndex = 0; name = Pods_ReminderTests.framework; path = "../Debug-iphonesimulator/Pods_ReminderTests.framework"; sourceTree = BUILT_PRODUCTS_DIR; };
		9B7885858D44223F9E8C470E /* Pods-ReminderTests.debug.xcconfig */ = {isa = PBXFileReference; includeInIndex = 1; lastKnownFileType = text.xcconfig; name = "Pods-ReminderTests.debug.xcconfig"; path = "Pods/Target Support Files/Pods-ReminderTests/Pods-ReminderTests.debug.xcconfig"; sourceTree = "<group>"; };
		C3F4BAAF98B6F9DBDA905897 /* Pods_Reminder.framework */ = {isa = PBXFileReference; explicitFileType = wrapper.framework; includeInIndex = 0; path = Pods_Reminder.framework; sourceTree = BUILT_PRODUCTS_DIR; };
		E84950A12206BD5A00643256 /* Utils.swift */ = {isa = PBXFileReference; lastKnownFileType = sourcecode.swift; path = Utils.swift; sourceTree = "<group>"; };
		E85C651922062FD40002E83F /* PagedHorizontalCollectionViewController.swift */ = {isa = PBXFileReference; lastKnownFileType = sourcecode.swift; path = PagedHorizontalCollectionViewController.swift; sourceTree = "<group>"; };
		E85C651B22066BA50002E83F /* MockDataManager.swift */ = {isa = PBXFileReference; lastKnownFileType = sourcecode.swift; path = MockDataManager.swift; sourceTree = "<group>"; };
		E85C651D22066DCF0002E83F /* MockWireFrame.swift */ = {isa = PBXFileReference; lastKnownFileType = sourcecode.swift; path = MockWireFrame.swift; sourceTree = "<group>"; };
		E88B315022228D9F005FD63B /* MockHomeViewController.swift */ = {isa = PBXFileReference; fileEncoding = 4; lastKnownFileType = sourcecode.swift; path = MockHomeViewController.swift; sourceTree = "<group>"; };
		E88B315222228E81005FD63B /* ReminderPageModel.swift */ = {isa = PBXFileReference; fileEncoding = 4; lastKnownFileType = sourcecode.swift; path = ReminderPageModel.swift; sourceTree = "<group>"; };
		E88B31662222933F005FD63B /* MockFirestore.swift */ = {isa = PBXFileReference; lastKnownFileType = sourcecode.swift; path = MockFirestore.swift; sourceTree = "<group>"; };
		E8AB8340221A8D3A00D7987D /* FirestoreProtocols.swift */ = {isa = PBXFileReference; lastKnownFileType = sourcecode.swift; path = FirestoreProtocols.swift; sourceTree = "<group>"; };
		E8DD346822068B2800CD308E /* DataManagerTests.swift */ = {isa = PBXFileReference; lastKnownFileType = sourcecode.swift; path = DataManagerTests.swift; sourceTree = "<group>"; };
		E8E127F32186A0BC00916B9C /* Reminder.app */ = {isa = PBXFileReference; explicitFileType = wrapper.application; includeInIndex = 0; path = Reminder.app; sourceTree = BUILT_PRODUCTS_DIR; };
		E8E127F62186A0BC00916B9C /* AppDelegate.swift */ = {isa = PBXFileReference; lastKnownFileType = sourcecode.swift; path = AppDelegate.swift; sourceTree = "<group>"; };
		E8E127FD2186A0BD00916B9C /* Assets.xcassets */ = {isa = PBXFileReference; lastKnownFileType = folder.assetcatalog; path = Assets.xcassets; sourceTree = "<group>"; };
		E8E128022186A0BD00916B9C /* Info.plist */ = {isa = PBXFileReference; lastKnownFileType = text.plist.xml; path = Info.plist; sourceTree = "<group>"; };
		E8E128072186A0BD00916B9C /* ReminderTests.xctest */ = {isa = PBXFileReference; explicitFileType = wrapper.cfbundle; includeInIndex = 0; path = ReminderTests.xctest; sourceTree = BUILT_PRODUCTS_DIR; };
		E8E1280B2186A0BD00916B9C /* ReminderTests.swift */ = {isa = PBXFileReference; lastKnownFileType = sourcecode.swift; path = ReminderTests.swift; sourceTree = "<group>"; };
		E8E1280D2186A0BD00916B9C /* Info.plist */ = {isa = PBXFileReference; lastKnownFileType = text.plist.xml; path = Info.plist; sourceTree = "<group>"; };
		E8E128122186A0BD00916B9C /* ReminderUITests.xctest */ = {isa = PBXFileReference; explicitFileType = wrapper.cfbundle; includeInIndex = 0; path = ReminderUITests.xctest; sourceTree = BUILT_PRODUCTS_DIR; };
		E8E128162186A0BD00916B9C /* ReminderUITests.swift */ = {isa = PBXFileReference; lastKnownFileType = sourcecode.swift; path = ReminderUITests.swift; sourceTree = "<group>"; };
		E8E128182186A0BD00916B9C /* Info.plist */ = {isa = PBXFileReference; lastKnownFileType = text.plist.xml; path = Info.plist; sourceTree = "<group>"; };
		E8E128242186A17100916B9C /* AppLauncher.swift */ = {isa = PBXFileReference; fileEncoding = 4; lastKnownFileType = sourcecode.swift; path = AppLauncher.swift; sourceTree = "<group>"; };
		E8E128262186A19D00916B9C /* HomeViewController.swift */ = {isa = PBXFileReference; fileEncoding = 4; lastKnownFileType = sourcecode.swift; path = HomeViewController.swift; sourceTree = "<group>"; };
		E8E128272186A19D00916B9C /* HomeInteractor.swift */ = {isa = PBXFileReference; fileEncoding = 4; lastKnownFileType = sourcecode.swift; path = HomeInteractor.swift; sourceTree = "<group>"; };
		E8E128282186A19D00916B9C /* HomeDataManager.swift */ = {isa = PBXFileReference; fileEncoding = 4; lastKnownFileType = sourcecode.swift; path = HomeDataManager.swift; sourceTree = "<group>"; };
		E8E128292186A19D00916B9C /* HomePresenter.swift */ = {isa = PBXFileReference; fileEncoding = 4; lastKnownFileType = sourcecode.swift; path = HomePresenter.swift; sourceTree = "<group>"; };
		E8E1282E2186A1A400916B9C /* Reminder.swift */ = {isa = PBXFileReference; fileEncoding = 4; lastKnownFileType = sourcecode.swift; path = Reminder.swift; sourceTree = "<group>"; };
		E8E128302186A1B000916B9C /* HomeWireframe.swift */ = {isa = PBXFileReference; fileEncoding = 4; lastKnownFileType = sourcecode.swift; path = HomeWireframe.swift; sourceTree = "<group>"; };
		E8E128322186A2B200916B9C /* ReminderCell.swift */ = {isa = PBXFileReference; fileEncoding = 4; lastKnownFileType = sourcecode.swift; path = ReminderCell.swift; sourceTree = "<group>"; };
		E8E128342186A2B900916B9C /* ReminderDetailViewController.swift */ = {isa = PBXFileReference; fileEncoding = 4; lastKnownFileType = sourcecode.swift; path = ReminderDetailViewController.swift; sourceTree = "<group>"; };
		E8E128382186A2C900916B9C /* HorizontalCollectionView.swift */ = {isa = PBXFileReference; fileEncoding = 4; lastKnownFileType = sourcecode.swift; path = HorizontalCollectionView.swift; sourceTree = "<group>"; };
		E8E1283C2186A2EB00916B9C /* CollectionView.swift */ = {isa = PBXFileReference; fileEncoding = 4; lastKnownFileType = sourcecode.swift; path = CollectionView.swift; sourceTree = "<group>"; };
		E8E128422186A55600916B9C /* GoogleService-Info.plist */ = {isa = PBXFileReference; fileEncoding = 4; lastKnownFileType = text.plist.xml; path = "GoogleService-Info.plist"; sourceTree = "<group>"; };
		E8E62E002186B160007414F5 /* CollectionDynamicLayout.swift */ = {isa = PBXFileReference; fileEncoding = 4; lastKnownFileType = sourcecode.swift; path = CollectionDynamicLayout.swift; sourceTree = "<group>"; };
		E8E62E022186B166007414F5 /* VerticalCollectionView.swift */ = {isa = PBXFileReference; fileEncoding = 4; lastKnownFileType = sourcecode.swift; path = VerticalCollectionView.swift; sourceTree = "<group>"; };
/* End PBXFileReference section */

/* Begin PBXFrameworksBuildPhase section */
		E8E127F02186A0BC00916B9C /* Frameworks */ = {
			isa = PBXFrameworksBuildPhase;
			buildActionMask = 2147483647;
			files = (
				B6BECA25D2F0B0AA21AA2338 /* Pods_Reminder.framework in Frameworks */,
				39B2B8EC29B4C2FF63DE03F8 /* Pods_Reminder.framework in Frameworks */,
			);
			runOnlyForDeploymentPostprocessing = 0;
		};
		E8E128042186A0BD00916B9C /* Frameworks */ = {
			isa = PBXFrameworksBuildPhase;
			buildActionMask = 2147483647;
			files = (
				D67E867E81CDDD903C7AF7B3 /* Pods_ReminderTests.framework in Frameworks */,
				73FB1070E137DE4B38EAD98D /* Pods_ReminderTests.framework in Frameworks */,
			);
			runOnlyForDeploymentPostprocessing = 0;
		};
		E8E1280F2186A0BD00916B9C /* Frameworks */ = {
			isa = PBXFrameworksBuildPhase;
			buildActionMask = 2147483647;
			files = (
				F50385DD4ED746F250B8D43A /* Pods_Reminder_ReminderUITests.framework in Frameworks */,
				9BC75ADE0C91B2E8F9546D3B /* Pods_Reminder_ReminderUITests.framework in Frameworks */,
			);
			runOnlyForDeploymentPostprocessing = 0;
		};
/* End PBXFrameworksBuildPhase section */

/* Begin PBXGroup section */
		949F0D822874C3E3FE212932 /* Frameworks */ = {
			isa = PBXGroup;
			children = (
				5C46BA55A45F8C41BAAC0525 /* Pods_Reminder.framework */,
				920DDA23AA0ECD698BD45F7F /* Pods_ReminderTests.framework */,
				3280A88262723742DB25D667 /* Pods_Reminder_ReminderUITests.framework */,
				C3F4BAAF98B6F9DBDA905897 /* Pods_Reminder.framework */,
				8CF5681B86CEDF7F8FD320B1 /* Pods_Reminder_ReminderUITests.framework */,
				691002123DB865D8E12F6E3E /* Pods_ReminderTests.framework */,
			);
			name = Frameworks;
			sourceTree = "<group>";
		};
		C0D671648456ADAA3C05A54B /* Pods */ = {
			isa = PBXGroup;
			children = (
				6CA3067B2F8D1B0A5FEE7B0A /* Pods-Reminder.debug.xcconfig */,
				8E4AE4998314C1977D6492A2 /* Pods-Reminder.release.xcconfig */,
				9B7885858D44223F9E8C470E /* Pods-ReminderTests.debug.xcconfig */,
				3CEC0368EC788D0F16BE0C16 /* Pods-ReminderTests.release.xcconfig */,
				5E12A5774FC53276A8873A49 /* Pods-Reminder-ReminderUITests.debug.xcconfig */,
				1A9471094D7DE5E56E019CBF /* Pods-Reminder-ReminderUITests.release.xcconfig */,
			);
			name = Pods;
			sourceTree = "<group>";
		};
		E85C6518220628920002E83F /* CollectionView */ = {
			isa = PBXGroup;
			children = (
				E8E128382186A2C900916B9C /* HorizontalCollectionView.swift */,
				E8E62E022186B166007414F5 /* VerticalCollectionView.swift */,
				E8E62E002186B160007414F5 /* CollectionDynamicLayout.swift */,
				E8E1283C2186A2EB00916B9C /* CollectionView.swift */,
				E85C651922062FD40002E83F /* PagedHorizontalCollectionViewController.swift */,
			);
			path = CollectionView;
			sourceTree = "<group>";
		};
		E8DD346722068AC400CD308E /* MockEntities */ = {
			isa = PBXGroup;
			children = (
				E88B315022228D9F005FD63B /* MockHomeViewController.swift */,
				E85C651D22066DCF0002E83F /* MockWireFrame.swift */,
				E85C651B22066BA50002E83F /* MockDataManager.swift */,
			);
			path = MockEntities;
			sourceTree = "<group>";
		};
		E8E127EA2186A0BC00916B9C = {
			isa = PBXGroup;
			children = (
				E8E127F52186A0BC00916B9C /* Reminder */,
				E8E1280A2186A0BD00916B9C /* ReminderTests */,
				E8E128152186A0BD00916B9C /* ReminderUITests */,
				E8E127F42186A0BC00916B9C /* Products */,
				C0D671648456ADAA3C05A54B /* Pods */,
				949F0D822874C3E3FE212932 /* Frameworks */,
			);
			sourceTree = "<group>";
		};
		E8E127F42186A0BC00916B9C /* Products */ = {
			isa = PBXGroup;
			children = (
				E8E127F32186A0BC00916B9C /* Reminder.app */,
				E8E128072186A0BD00916B9C /* ReminderTests.xctest */,
				E8E128122186A0BD00916B9C /* ReminderUITests.xctest */,
			);
			name = Products;
			sourceTree = "<group>";
		};
		E8E127F52186A0BC00916B9C /* Reminder */ = {
			isa = PBXGroup;
			children = (
				E85C6518220628920002E83F /* CollectionView */,
				E8E127F62186A0BC00916B9C /* AppDelegate.swift */,
				E8E128282186A19D00916B9C /* HomeDataManager.swift */,
				E8AB8340221A8D3A00D7987D /* FirestoreProtocols.swift */,
				E8E128422186A55600916B9C /* GoogleService-Info.plist */,
				E8E128272186A19D00916B9C /* HomeInteractor.swift */,
				E8E128292186A19D00916B9C /* HomePresenter.swift */,
				E8E128262186A19D00916B9C /* HomeViewController.swift */,
				E8E128242186A17100916B9C /* AppLauncher.swift */,
				E8E128302186A1B000916B9C /* HomeWireframe.swift */,
				E8E128322186A2B200916B9C /* ReminderCell.swift */,
				E8E128342186A2B900916B9C /* ReminderDetailViewController.swift */,
				E8E1282E2186A1A400916B9C /* Reminder.swift */,
				E8E127FD2186A0BD00916B9C /* Assets.xcassets */,
				E8E128022186A0BD00916B9C /* Info.plist */,
				E84950A12206BD5A00643256 /* Utils.swift */,
				E88B31662222933F005FD63B /* MockFirestore.swift */,
			);
			path = Reminder;
			sourceTree = "<group>";
		};
		E8E1280A2186A0BD00916B9C /* ReminderTests */ = {
			isa = PBXGroup;
			children = (
				E8DD346722068AC400CD308E /* MockEntities */,
				E8E1280B2186A0BD00916B9C /* ReminderTests.swift */,
				E8E1280D2186A0BD00916B9C /* Info.plist */,
				E8DD346822068B2800CD308E /* DataManagerTests.swift */,
			);
			path = ReminderTests;
			sourceTree = "<group>";
		};
		E8E128152186A0BD00916B9C /* ReminderUITests */ = {
			isa = PBXGroup;
			children = (
				E88B315222228E81005FD63B /* ReminderPageModel.swift */,
				E8E128162186A0BD00916B9C /* ReminderUITests.swift */,
				E8E128182186A0BD00916B9C /* Info.plist */,
			);
			path = ReminderUITests;
			sourceTree = "<group>";
		};
/* End PBXGroup section */

/* Begin PBXNativeTarget section */
		E8E127F22186A0BC00916B9C /* Reminder */ = {
			isa = PBXNativeTarget;
			buildConfigurationList = E8E1281B2186A0BD00916B9C /* Build configuration list for PBXNativeTarget "Reminder" */;
			buildPhases = (
				BDFD4D3A34C29BDC891ABCD6 /* [CP] Check Pods Manifest.lock */,
				E8E127EF2186A0BC00916B9C /* Sources */,
				E8E127F02186A0BC00916B9C /* Frameworks */,
				E8E127F12186A0BC00916B9C /* Resources */,
				8E38440DDC7BBD53A6E12D42 /* [CP] Embed Pods Frameworks */,
				E8F7A852218FE90B00426B90 /* ShellScript */,
			);
			buildRules = (
			);
			dependencies = (
			);
			name = Reminder;
			productName = Reminder;
			productReference = E8E127F32186A0BC00916B9C /* Reminder.app */;
			productType = "com.apple.product-type.application";
		};
		E8E128062186A0BD00916B9C /* ReminderTests */ = {
			isa = PBXNativeTarget;
			buildConfigurationList = E8E1281E2186A0BD00916B9C /* Build configuration list for PBXNativeTarget "ReminderTests" */;
			buildPhases = (
				A9D69E1458326FC382A4E1AB /* [CP] Check Pods Manifest.lock */,
				E8E128032186A0BD00916B9C /* Sources */,
				E8E128042186A0BD00916B9C /* Frameworks */,
				E8E128052186A0BD00916B9C /* Resources */,
			);
			buildRules = (
			);
			dependencies = (
				E8E128092186A0BD00916B9C /* PBXTargetDependency */,
			);
			name = ReminderTests;
			productName = ReminderTests;
			productReference = E8E128072186A0BD00916B9C /* ReminderTests.xctest */;
			productType = "com.apple.product-type.bundle.unit-test";
		};
		E8E128112186A0BD00916B9C /* ReminderUITests */ = {
			isa = PBXNativeTarget;
			buildConfigurationList = E8E128212186A0BD00916B9C /* Build configuration list for PBXNativeTarget "ReminderUITests" */;
			buildPhases = (
				BF9B52B24423111A1DBB1A61 /* [CP] Check Pods Manifest.lock */,
				E8E1280E2186A0BD00916B9C /* Sources */,
				E8E1280F2186A0BD00916B9C /* Frameworks */,
				E8E128102186A0BD00916B9C /* Resources */,
				2EC880F3BAB842E71E754241 /* [CP] Embed Pods Frameworks */,
			);
			buildRules = (
			);
			dependencies = (
				E8E128142186A0BD00916B9C /* PBXTargetDependency */,
			);
			name = ReminderUITests;
			productName = ReminderUITests;
			productReference = E8E128122186A0BD00916B9C /* ReminderUITests.xctest */;
			productType = "com.apple.product-type.bundle.ui-testing";
		};
/* End PBXNativeTarget section */

/* Begin PBXProject section */
		E8E127EB2186A0BC00916B9C /* Project object */ = {
			isa = PBXProject;
			attributes = {
				LastSwiftUpdateCheck = 1000;
				LastUpgradeCheck = 1000;
				ORGANIZATIONNAME = "Tien Thuy Ho";
				TargetAttributes = {
					E8E127F22186A0BC00916B9C = {
						CreatedOnToolsVersion = 10.0;
					};
					E8E128062186A0BD00916B9C = {
						CreatedOnToolsVersion = 10.0;
						TestTargetID = E8E127F22186A0BC00916B9C;
					};
					E8E128112186A0BD00916B9C = {
						CreatedOnToolsVersion = 10.0;
						TestTargetID = E8E127F22186A0BC00916B9C;
					};
				};
			};
			buildConfigurationList = E8E127EE2186A0BC00916B9C /* Build configuration list for PBXProject "Reminder" */;
			compatibilityVersion = "Xcode 9.3";
			developmentRegion = en;
			hasScannedForEncodings = 0;
			knownRegions = (
				en,
				Base,
			);
			mainGroup = E8E127EA2186A0BC00916B9C;
			productRefGroup = E8E127F42186A0BC00916B9C /* Products */;
			projectDirPath = "";
			projectRoot = "";
			targets = (
				E8E127F22186A0BC00916B9C /* Reminder */,
				E8E128062186A0BD00916B9C /* ReminderTests */,
				E8E128112186A0BD00916B9C /* ReminderUITests */,
			);
		};
/* End PBXProject section */

/* Begin PBXResourcesBuildPhase section */
		E8E127F12186A0BC00916B9C /* Resources */ = {
			isa = PBXResourcesBuildPhase;
			buildActionMask = 2147483647;
			files = (
				E8E127FE2186A0BD00916B9C /* Assets.xcassets in Resources */,
				E8E128432186A55600916B9C /* GoogleService-Info.plist in Resources */,
			);
			runOnlyForDeploymentPostprocessing = 0;
		};
		E8E128052186A0BD00916B9C /* Resources */ = {
			isa = PBXResourcesBuildPhase;
			buildActionMask = 2147483647;
			files = (
			);
			runOnlyForDeploymentPostprocessing = 0;
		};
		E8E128102186A0BD00916B9C /* Resources */ = {
			isa = PBXResourcesBuildPhase;
			buildActionMask = 2147483647;
			files = (
			);
			runOnlyForDeploymentPostprocessing = 0;
		};
/* End PBXResourcesBuildPhase section */

/* Begin PBXShellScriptBuildPhase section */
		2EC880F3BAB842E71E754241 /* [CP] Embed Pods Frameworks */ = {
			isa = PBXShellScriptBuildPhase;
			buildActionMask = 2147483647;
			files = (
			);
			inputFileListPaths = (
			);
			inputPaths = (
				"${SRCROOT}/Pods/Target Support Files/Pods-Reminder-ReminderUITests/Pods-Reminder-ReminderUITests-frameworks.sh",
				"${BUILT_PRODUCTS_DIR}/BoringSSL/openssl.framework",
				"${BUILT_PRODUCTS_DIR}/GoogleUtilities/GoogleUtilities.framework",
				"${BUILT_PRODUCTS_DIR}/Protobuf/Protobuf.framework",
				"${BUILT_PRODUCTS_DIR}/gRPC/GRPCClient.framework",
				"${BUILT_PRODUCTS_DIR}/gRPC-C++/grpcpp.framework",
				"${BUILT_PRODUCTS_DIR}/gRPC-Core/grpc.framework",
				"${BUILT_PRODUCTS_DIR}/gRPC-ProtoRPC/ProtoRPC.framework",
				"${BUILT_PRODUCTS_DIR}/gRPC-RxLibrary/RxLibrary.framework",
				"${BUILT_PRODUCTS_DIR}/leveldb-library/leveldb.framework",
				"${BUILT_PRODUCTS_DIR}/nanopb/nanopb.framework",
			);
			name = "[CP] Embed Pods Frameworks";
			outputFileListPaths = (
			);
			outputPaths = (
				"${TARGET_BUILD_DIR}/${FRAMEWORKS_FOLDER_PATH}/openssl.framework",
				"${TARGET_BUILD_DIR}/${FRAMEWORKS_FOLDER_PATH}/GoogleUtilities.framework",
				"${TARGET_BUILD_DIR}/${FRAMEWORKS_FOLDER_PATH}/Protobuf.framework",
				"${TARGET_BUILD_DIR}/${FRAMEWORKS_FOLDER_PATH}/GRPCClient.framework",
				"${TARGET_BUILD_DIR}/${FRAMEWORKS_FOLDER_PATH}/grpcpp.framework",
				"${TARGET_BUILD_DIR}/${FRAMEWORKS_FOLDER_PATH}/grpc.framework",
				"${TARGET_BUILD_DIR}/${FRAMEWORKS_FOLDER_PATH}/ProtoRPC.framework",
				"${TARGET_BUILD_DIR}/${FRAMEWORKS_FOLDER_PATH}/RxLibrary.framework",
				"${TARGET_BUILD_DIR}/${FRAMEWORKS_FOLDER_PATH}/leveldb.framework",
				"${TARGET_BUILD_DIR}/${FRAMEWORKS_FOLDER_PATH}/nanopb.framework",
			);
			runOnlyForDeploymentPostprocessing = 0;
			shellPath = /bin/sh;
			shellScript = "\"${SRCROOT}/Pods/Target Support Files/Pods-Reminder-ReminderUITests/Pods-Reminder-ReminderUITests-frameworks.sh\"\n";
			showEnvVarsInLog = 0;
		};
		8E38440DDC7BBD53A6E12D42 /* [CP] Embed Pods Frameworks */ = {
			isa = PBXShellScriptBuildPhase;
			buildActionMask = 2147483647;
			files = (
			);
			inputFileListPaths = (
			);
			inputPaths = (
				"${SRCROOT}/Pods/Target Support Files/Pods-Reminder/Pods-Reminder-frameworks.sh",
				"${BUILT_PRODUCTS_DIR}/BoringSSL/openssl.framework",
				"${BUILT_PRODUCTS_DIR}/GoogleUtilities/GoogleUtilities.framework",
				"${BUILT_PRODUCTS_DIR}/Protobuf/Protobuf.framework",
				"${BUILT_PRODUCTS_DIR}/gRPC/GRPCClient.framework",
				"${BUILT_PRODUCTS_DIR}/gRPC-C++/grpcpp.framework",
				"${BUILT_PRODUCTS_DIR}/gRPC-Core/grpc.framework",
				"${BUILT_PRODUCTS_DIR}/gRPC-ProtoRPC/ProtoRPC.framework",
				"${BUILT_PRODUCTS_DIR}/gRPC-RxLibrary/RxLibrary.framework",
				"${BUILT_PRODUCTS_DIR}/leveldb-library/leveldb.framework",
				"${BUILT_PRODUCTS_DIR}/nanopb/nanopb.framework",
			);
			name = "[CP] Embed Pods Frameworks";
			outputFileListPaths = (
			);
			outputPaths = (
				"${TARGET_BUILD_DIR}/${FRAMEWORKS_FOLDER_PATH}/openssl.framework",
				"${TARGET_BUILD_DIR}/${FRAMEWORKS_FOLDER_PATH}/GoogleUtilities.framework",
				"${TARGET_BUILD_DIR}/${FRAMEWORKS_FOLDER_PATH}/Protobuf.framework",
				"${TARGET_BUILD_DIR}/${FRAMEWORKS_FOLDER_PATH}/GRPCClient.framework",
				"${TARGET_BUILD_DIR}/${FRAMEWORKS_FOLDER_PATH}/grpcpp.framework",
				"${TARGET_BUILD_DIR}/${FRAMEWORKS_FOLDER_PATH}/grpc.framework",
				"${TARGET_BUILD_DIR}/${FRAMEWORKS_FOLDER_PATH}/ProtoRPC.framework",
				"${TARGET_BUILD_DIR}/${FRAMEWORKS_FOLDER_PATH}/RxLibrary.framework",
				"${TARGET_BUILD_DIR}/${FRAMEWORKS_FOLDER_PATH}/leveldb.framework",
				"${TARGET_BUILD_DIR}/${FRAMEWORKS_FOLDER_PATH}/nanopb.framework",
			);
			runOnlyForDeploymentPostprocessing = 0;
			shellPath = /bin/sh;
			shellScript = "\"${SRCROOT}/Pods/Target Support Files/Pods-Reminder/Pods-Reminder-frameworks.sh\"\n";
			showEnvVarsInLog = 0;
		};
		A9D69E1458326FC382A4E1AB /* [CP] Check Pods Manifest.lock */ = {
			isa = PBXShellScriptBuildPhase;
			buildActionMask = 2147483647;
			files = (
			);
			inputFileListPaths = (
			);
			inputPaths = (
				"${PODS_PODFILE_DIR_PATH}/Podfile.lock",
				"${PODS_ROOT}/Manifest.lock",
			);
			name = "[CP] Check Pods Manifest.lock";
			outputFileListPaths = (
			);
			outputPaths = (
				"$(DERIVED_FILE_DIR)/Pods-ReminderTests-checkManifestLockResult.txt",
			);
			runOnlyForDeploymentPostprocessing = 0;
			shellPath = /bin/sh;
			shellScript = "diff \"${PODS_PODFILE_DIR_PATH}/Podfile.lock\" \"${PODS_ROOT}/Manifest.lock\" > /dev/null\nif [ $? != 0 ] ; then\n    # print error to STDERR\n    echo \"error: The sandbox is not in sync with the Podfile.lock. Run 'pod install' or update your CocoaPods installation.\" >&2\n    exit 1\nfi\n# This output is used by Xcode 'outputs' to avoid re-running this script phase.\necho \"SUCCESS\" > \"${SCRIPT_OUTPUT_FILE_0}\"\n";
			showEnvVarsInLog = 0;
		};
		BDFD4D3A34C29BDC891ABCD6 /* [CP] Check Pods Manifest.lock */ = {
			isa = PBXShellScriptBuildPhase;
			buildActionMask = 2147483647;
			files = (
			);
			inputFileListPaths = (
			);
			inputPaths = (
				"${PODS_PODFILE_DIR_PATH}/Podfile.lock",
				"${PODS_ROOT}/Manifest.lock",
			);
			name = "[CP] Check Pods Manifest.lock";
			outputFileListPaths = (
			);
			outputPaths = (
				"$(DERIVED_FILE_DIR)/Pods-Reminder-checkManifestLockResult.txt",
			);
			runOnlyForDeploymentPostprocessing = 0;
			shellPath = /bin/sh;
			shellScript = "diff \"${PODS_PODFILE_DIR_PATH}/Podfile.lock\" \"${PODS_ROOT}/Manifest.lock\" > /dev/null\nif [ $? != 0 ] ; then\n    # print error to STDERR\n    echo \"error: The sandbox is not in sync with the Podfile.lock. Run 'pod install' or update your CocoaPods installation.\" >&2\n    exit 1\nfi\n# This output is used by Xcode 'outputs' to avoid re-running this script phase.\necho \"SUCCESS\" > \"${SCRIPT_OUTPUT_FILE_0}\"\n";
			showEnvVarsInLog = 0;
		};
		BF9B52B24423111A1DBB1A61 /* [CP] Check Pods Manifest.lock */ = {
			isa = PBXShellScriptBuildPhase;
			buildActionMask = 2147483647;
			files = (
			);
			inputFileListPaths = (
			);
			inputPaths = (
				"${PODS_PODFILE_DIR_PATH}/Podfile.lock",
				"${PODS_ROOT}/Manifest.lock",
			);
			name = "[CP] Check Pods Manifest.lock";
			outputFileListPaths = (
			);
			outputPaths = (
				"$(DERIVED_FILE_DIR)/Pods-Reminder-ReminderUITests-checkManifestLockResult.txt",
			);
			runOnlyForDeploymentPostprocessing = 0;
			shellPath = /bin/sh;
			shellScript = "diff \"${PODS_PODFILE_DIR_PATH}/Podfile.lock\" \"${PODS_ROOT}/Manifest.lock\" > /dev/null\nif [ $? != 0 ] ; then\n    # print error to STDERR\n    echo \"error: The sandbox is not in sync with the Podfile.lock. Run 'pod install' or update your CocoaPods installation.\" >&2\n    exit 1\nfi\n# This output is used by Xcode 'outputs' to avoid re-running this script phase.\necho \"SUCCESS\" > \"${SCRIPT_OUTPUT_FILE_0}\"\n";
			showEnvVarsInLog = 0;
		};
		E8F7A852218FE90B00426B90 /* ShellScript */ = {
			isa = PBXShellScriptBuildPhase;
			buildActionMask = 2147483647;
			files = (
			);
			inputFileListPaths = (
			);
			inputPaths = (
			);
			outputFileListPaths = (
			);
			outputPaths = (
			);
			runOnlyForDeploymentPostprocessing = 0;
			shellPath = /bin/sh;
			shellScript = "if which swiftlint >/dev/null; then \n    swiftlint \nelse \necho \"warning: SwiftLint not installed, download from https://github.com/realm/SwiftLint\"\nfi\n";
		};
/* End PBXShellScriptBuildPhase section */

/* Begin PBXSourcesBuildPhase section */
		E8E127EF2186A0BC00916B9C /* Sources */ = {
			isa = PBXSourcesBuildPhase;
			buildActionMask = 2147483647;
			files = (
				E8E1282D2186A19D00916B9C /* HomePresenter.swift in Sources */,
				E88B31672222933F005FD63B /* MockFirestore.swift in Sources */,
				E8E127F72186A0BC00916B9C /* AppDelegate.swift in Sources */,
				E8E128252186A17100916B9C /* AppLauncher.swift in Sources */,
				E8E1282B2186A19D00916B9C /* HomeInteractor.swift in Sources */,
				E8E1283D2186A2EB00916B9C /* CollectionView.swift in Sources */,
				E8E128332186A2B200916B9C /* ReminderCell.swift in Sources */,
				E8E128312186A1B000916B9C /* HomeWireframe.swift in Sources */,
				E84950A22206BD5A00643256 /* Utils.swift in Sources */,
				E8E1282C2186A19D00916B9C /* HomeDataManager.swift in Sources */,
				E8E128392186A2C900916B9C /* HorizontalCollectionView.swift in Sources */,
				E8E1282A2186A19D00916B9C /* HomeViewController.swift in Sources */,
				E8AB8341221A8D3A00D7987D /* FirestoreProtocols.swift in Sources */,
				E8E1282F2186A1A400916B9C /* Reminder.swift in Sources */,
				E85C651A22062FD40002E83F /* PagedHorizontalCollectionViewController.swift in Sources */,
				E8E128362186A2BA00916B9C /* ReminderDetailViewController.swift in Sources */,
			);
			runOnlyForDeploymentPostprocessing = 0;
		};
		E8E128032186A0BD00916B9C /* Sources */ = {
			isa = PBXSourcesBuildPhase;
			buildActionMask = 2147483647;
			files = (
				E8E1280C2186A0BD00916B9C /* ReminderTests.swift in Sources */,
				E8DD346922068B2800CD308E /* DataManagerTests.swift in Sources */,
				E85C651C22066BA50002E83F /* MockDataManager.swift in Sources */,
				E88B315122228D9F005FD63B /* MockHomeViewController.swift in Sources */,
				E85C651E22066DCF0002E83F /* MockWireFrame.swift in Sources */,
			);
			runOnlyForDeploymentPostprocessing = 0;
		};
		E8E1280E2186A0BD00916B9C /* Sources */ = {
			isa = PBXSourcesBuildPhase;
			buildActionMask = 2147483647;
			files = (
				E88B315422228E82005FD63B /* ReminderPageModel.swift in Sources */,
				E8E128172186A0BD00916B9C /* ReminderUITests.swift in Sources */,
			);
			runOnlyForDeploymentPostprocessing = 0;
		};
/* End PBXSourcesBuildPhase section */

/* Begin PBXTargetDependency section */
		E8E128092186A0BD00916B9C /* PBXTargetDependency */ = {
			isa = PBXTargetDependency;
			target = E8E127F22186A0BC00916B9C /* Reminder */;
			targetProxy = E8E128082186A0BD00916B9C /* PBXContainerItemProxy */;
		};
		E8E128142186A0BD00916B9C /* PBXTargetDependency */ = {
			isa = PBXTargetDependency;
			target = E8E127F22186A0BC00916B9C /* Reminder */;
			targetProxy = E8E128132186A0BD00916B9C /* PBXContainerItemProxy */;
		};
/* End PBXTargetDependency section */

/* Begin XCBuildConfiguration section */
		E8E128192186A0BD00916B9C /* Debug */ = {
			isa = XCBuildConfiguration;
			buildSettings = {
				ALWAYS_SEARCH_USER_PATHS = NO;
				CLANG_ANALYZER_NONNULL = YES;
				CLANG_ANALYZER_NUMBER_OBJECT_CONVERSION = YES_AGGRESSIVE;
				CLANG_CXX_LANGUAGE_STANDARD = "gnu++14";
				CLANG_CXX_LIBRARY = "libc++";
				CLANG_ENABLE_MODULES = YES;
				CLANG_ENABLE_OBJC_ARC = YES;
				CLANG_ENABLE_OBJC_WEAK = YES;
				CLANG_WARN_BLOCK_CAPTURE_AUTORELEASING = YES;
				CLANG_WARN_BOOL_CONVERSION = YES;
				CLANG_WARN_COMMA = YES;
				CLANG_WARN_CONSTANT_CONVERSION = YES;
				CLANG_WARN_DEPRECATED_OBJC_IMPLEMENTATIONS = YES;
				CLANG_WARN_DIRECT_OBJC_ISA_USAGE = YES_ERROR;
				CLANG_WARN_DOCUMENTATION_COMMENTS = YES;
				CLANG_WARN_EMPTY_BODY = YES;
				CLANG_WARN_ENUM_CONVERSION = YES;
				CLANG_WARN_INFINITE_RECURSION = YES;
				CLANG_WARN_INT_CONVERSION = YES;
				CLANG_WARN_NON_LITERAL_NULL_CONVERSION = YES;
				CLANG_WARN_OBJC_IMPLICIT_RETAIN_SELF = YES;
				CLANG_WARN_OBJC_LITERAL_CONVERSION = YES;
				CLANG_WARN_OBJC_ROOT_CLASS = YES_ERROR;
				CLANG_WARN_RANGE_LOOP_ANALYSIS = YES;
				CLANG_WARN_STRICT_PROTOTYPES = YES;
				CLANG_WARN_SUSPICIOUS_MOVE = YES;
				CLANG_WARN_UNGUARDED_AVAILABILITY = YES_AGGRESSIVE;
				CLANG_WARN_UNREACHABLE_CODE = YES;
				CLANG_WARN__DUPLICATE_METHOD_MATCH = YES;
				CODE_SIGN_IDENTITY = "iPhone Developer";
				COPY_PHASE_STRIP = NO;
				DEBUG_INFORMATION_FORMAT = dwarf;
				ENABLE_STRICT_OBJC_MSGSEND = YES;
				ENABLE_TESTABILITY = YES;
				GCC_C_LANGUAGE_STANDARD = gnu11;
				GCC_DYNAMIC_NO_PIC = NO;
				GCC_NO_COMMON_BLOCKS = YES;
				GCC_OPTIMIZATION_LEVEL = 0;
				GCC_PREPROCESSOR_DEFINITIONS = (
					"DEBUG=1",
					"$(inherited)",
				);
				GCC_WARN_64_TO_32_BIT_CONVERSION = YES;
				GCC_WARN_ABOUT_RETURN_TYPE = YES_ERROR;
				GCC_WARN_UNDECLARED_SELECTOR = YES;
				GCC_WARN_UNINITIALIZED_AUTOS = YES_AGGRESSIVE;
				GCC_WARN_UNUSED_FUNCTION = YES;
				GCC_WARN_UNUSED_VARIABLE = YES;
				IPHONEOS_DEPLOYMENT_TARGET = 12.0;
				MTL_ENABLE_DEBUG_INFO = INCLUDE_SOURCE;
				MTL_FAST_MATH = YES;
				ONLY_ACTIVE_ARCH = YES;
				SDKROOT = iphoneos;
				SWIFT_ACTIVE_COMPILATION_CONDITIONS = DEBUG;
				SWIFT_OPTIMIZATION_LEVEL = "-Onone";
			};
			name = Debug;
		};
		E8E1281A2186A0BD00916B9C /* Release */ = {
			isa = XCBuildConfiguration;
			buildSettings = {
				ALWAYS_SEARCH_USER_PATHS = NO;
				CLANG_ANALYZER_NONNULL = YES;
				CLANG_ANALYZER_NUMBER_OBJECT_CONVERSION = YES_AGGRESSIVE;
				CLANG_CXX_LANGUAGE_STANDARD = "gnu++14";
				CLANG_CXX_LIBRARY = "libc++";
				CLANG_ENABLE_MODULES = YES;
				CLANG_ENABLE_OBJC_ARC = YES;
				CLANG_ENABLE_OBJC_WEAK = YES;
				CLANG_WARN_BLOCK_CAPTURE_AUTORELEASING = YES;
				CLANG_WARN_BOOL_CONVERSION = YES;
				CLANG_WARN_COMMA = YES;
				CLANG_WARN_CONSTANT_CONVERSION = YES;
				CLANG_WARN_DEPRECATED_OBJC_IMPLEMENTATIONS = YES;
				CLANG_WARN_DIRECT_OBJC_ISA_USAGE = YES_ERROR;
				CLANG_WARN_DOCUMENTATION_COMMENTS = YES;
				CLANG_WARN_EMPTY_BODY = YES;
				CLANG_WARN_ENUM_CONVERSION = YES;
				CLANG_WARN_INFINITE_RECURSION = YES;
				CLANG_WARN_INT_CONVERSION = YES;
				CLANG_WARN_NON_LITERAL_NULL_CONVERSION = YES;
				CLANG_WARN_OBJC_IMPLICIT_RETAIN_SELF = YES;
				CLANG_WARN_OBJC_LITERAL_CONVERSION = YES;
				CLANG_WARN_OBJC_ROOT_CLASS = YES_ERROR;
				CLANG_WARN_RANGE_LOOP_ANALYSIS = YES;
				CLANG_WARN_STRICT_PROTOTYPES = YES;
				CLANG_WARN_SUSPICIOUS_MOVE = YES;
				CLANG_WARN_UNGUARDED_AVAILABILITY = YES_AGGRESSIVE;
				CLANG_WARN_UNREACHABLE_CODE = YES;
				CLANG_WARN__DUPLICATE_METHOD_MATCH = YES;
				CODE_SIGN_IDENTITY = "iPhone Developer";
				COPY_PHASE_STRIP = NO;
				DEBUG_INFORMATION_FORMAT = "dwarf-with-dsym";
				ENABLE_NS_ASSERTIONS = NO;
				ENABLE_STRICT_OBJC_MSGSEND = YES;
				GCC_C_LANGUAGE_STANDARD = gnu11;
				GCC_NO_COMMON_BLOCKS = YES;
				GCC_WARN_64_TO_32_BIT_CONVERSION = YES;
				GCC_WARN_ABOUT_RETURN_TYPE = YES_ERROR;
				GCC_WARN_UNDECLARED_SELECTOR = YES;
				GCC_WARN_UNINITIALIZED_AUTOS = YES_AGGRESSIVE;
				GCC_WARN_UNUSED_FUNCTION = YES;
				GCC_WARN_UNUSED_VARIABLE = YES;
				IPHONEOS_DEPLOYMENT_TARGET = 12.0;
				MTL_ENABLE_DEBUG_INFO = NO;
				MTL_FAST_MATH = YES;
				SDKROOT = iphoneos;
				SWIFT_COMPILATION_MODE = wholemodule;
				SWIFT_OPTIMIZATION_LEVEL = "-O";
				VALIDATE_PRODUCT = YES;
			};
			name = Release;
		};
		E8E1281C2186A0BD00916B9C /* Debug */ = {
			isa = XCBuildConfiguration;
			baseConfigurationReference = 6CA3067B2F8D1B0A5FEE7B0A /* Pods-Reminder.debug.xcconfig */;
			buildSettings = {
				ASSETCATALOG_COMPILER_APPICON_NAME = AppIcon;
				CODE_SIGN_STYLE = Automatic;
				DEVELOPMENT_TEAM = P5969X6KML;
				INFOPLIST_FILE = Reminder/Info.plist;
				LD_RUNPATH_SEARCH_PATHS = (
					"$(inherited)",
					"@executable_path/Frameworks",
				);
				PRODUCT_BUNDLE_IDENTIFIER = tienho.Reminder;
				PRODUCT_NAME = "$(TARGET_NAME)";
				SWIFT_VERSION = 4.2;
				TARGETED_DEVICE_FAMILY = "1,2";
			};
			name = Debug;
		};
		E8E1281D2186A0BD00916B9C /* Release */ = {
			isa = XCBuildConfiguration;
			baseConfigurationReference = 8E4AE4998314C1977D6492A2 /* Pods-Reminder.release.xcconfig */;
			buildSettings = {
				ASSETCATALOG_COMPILER_APPICON_NAME = AppIcon;
				CODE_SIGN_STYLE = Automatic;
				DEVELOPMENT_TEAM = P5969X6KML;
				INFOPLIST_FILE = Reminder/Info.plist;
				LD_RUNPATH_SEARCH_PATHS = (
					"$(inherited)",
					"@executable_path/Frameworks",
				);
				PRODUCT_BUNDLE_IDENTIFIER = tienho.Reminder;
				PRODUCT_NAME = "$(TARGET_NAME)";
				SWIFT_VERSION = 4.2;
				TARGETED_DEVICE_FAMILY = "1,2";
			};
			name = Release;
		};
		E8E1281F2186A0BD00916B9C /* Debug */ = {
			isa = XCBuildConfiguration;
			baseConfigurationReference = 9B7885858D44223F9E8C470E /* Pods-ReminderTests.debug.xcconfig */;
			buildSettings = {
				ALWAYS_EMBED_SWIFT_STANDARD_LIBRARIES = YES;
				BUNDLE_LOADER = "$(TEST_HOST)";
				CODE_SIGN_STYLE = Automatic;
				DEVELOPMENT_TEAM = P5969X6KML;
				INFOPLIST_FILE = ReminderTests/Info.plist;
				LD_RUNPATH_SEARCH_PATHS = (
					"$(inherited)",
					"@executable_path/Frameworks",
					"@loader_path/Frameworks",
				);
				PRODUCT_BUNDLE_IDENTIFIER = tienho.ReminderTests;
				PRODUCT_NAME = "$(TARGET_NAME)";
				SWIFT_VERSION = 4.2;
				TARGETED_DEVICE_FAMILY = "1,2";
				TEST_HOST = "$(BUILT_PRODUCTS_DIR)/Reminder.app/Reminder";
			};
			name = Debug;
		};
		E8E128202186A0BD00916B9C /* Release */ = {
			isa = XCBuildConfiguration;
			baseConfigurationReference = 3CEC0368EC788D0F16BE0C16 /* Pods-ReminderTests.release.xcconfig */;
			buildSettings = {
				ALWAYS_EMBED_SWIFT_STANDARD_LIBRARIES = YES;
				BUNDLE_LOADER = "$(TEST_HOST)";
				CODE_SIGN_STYLE = Automatic;
				DEVELOPMENT_TEAM = P5969X6KML;
				INFOPLIST_FILE = ReminderTests/Info.plist;
				LD_RUNPATH_SEARCH_PATHS = (
					"$(inherited)",
					"@executable_path/Frameworks",
					"@loader_path/Frameworks",
				);
				PRODUCT_BUNDLE_IDENTIFIER = tienho.ReminderTests;
				PRODUCT_NAME = "$(TARGET_NAME)";
				SWIFT_VERSION = 4.2;
				TARGETED_DEVICE_FAMILY = "1,2";
				TEST_HOST = "$(BUILT_PRODUCTS_DIR)/Reminder.app/Reminder";
			};
			name = Release;
		};
		E8E128222186A0BD00916B9C /* Debug */ = {
			isa = XCBuildConfiguration;
			baseConfigurationReference = 5E12A5774FC53276A8873A49 /* Pods-Reminder-ReminderUITests.debug.xcconfig */;
			buildSettings = {
				ALWAYS_EMBED_SWIFT_STANDARD_LIBRARIES = YES;
				CODE_SIGN_STYLE = Automatic;
				DEVELOPMENT_TEAM = P5969X6KML;
				INFOPLIST_FILE = ReminderUITests/Info.plist;
				LD_RUNPATH_SEARCH_PATHS = (
					"$(inherited)",
					"@executable_path/Frameworks",
					"@loader_path/Frameworks",
				);
				PRODUCT_BUNDLE_IDENTIFIER = tienho.ReminderUITests;
				PRODUCT_NAME = "$(TARGET_NAME)";
				SWIFT_VERSION = 4.2;
				TARGETED_DEVICE_FAMILY = "1,2";
				TEST_TARGET_NAME = Reminder;
			};
			name = Debug;
		};
		E8E128232186A0BD00916B9C /* Release */ = {
			isa = XCBuildConfiguration;
			baseConfigurationReference = 1A9471094D7DE5E56E019CBF /* Pods-Reminder-ReminderUITests.release.xcconfig */;
			buildSettings = {
				ALWAYS_EMBED_SWIFT_STANDARD_LIBRARIES = YES;
				CODE_SIGN_STYLE = Automatic;
				DEVELOPMENT_TEAM = P5969X6KML;
				INFOPLIST_FILE = ReminderUITests/Info.plist;
				LD_RUNPATH_SEARCH_PATHS = (
					"$(inherited)",
					"@executable_path/Frameworks",
					"@loader_path/Frameworks",
				);
				PRODUCT_BUNDLE_IDENTIFIER = tienho.ReminderUITests;
				PRODUCT_NAME = "$(TARGET_NAME)";
				SWIFT_VERSION = 4.2;
				TARGETED_DEVICE_FAMILY = "1,2";
				TEST_TARGET_NAME = Reminder;
			};
			name = Release;
		};
/* End XCBuildConfiguration section */

/* Begin XCConfigurationList section */
		E8E127EE2186A0BC00916B9C /* Build configuration list for PBXProject "Reminder" */ = {
			isa = XCConfigurationList;
			buildConfigurations = (
				E8E128192186A0BD00916B9C /* Debug */,
				E8E1281A2186A0BD00916B9C /* Release */,
			);
			defaultConfigurationIsVisible = 0;
			defaultConfigurationName = Release;
		};
		E8E1281B2186A0BD00916B9C /* Build configuration list for PBXNativeTarget "Reminder" */ = {
			isa = XCConfigurationList;
			buildConfigurations = (
				E8E1281C2186A0BD00916B9C /* Debug */,
				E8E1281D2186A0BD00916B9C /* Release */,
			);
			defaultConfigurationIsVisible = 0;
			defaultConfigurationName = Release;
		};
		E8E1281E2186A0BD00916B9C /* Build configuration list for PBXNativeTarget "ReminderTests" */ = {
			isa = XCConfigurationList;
			buildConfigurations = (
				E8E1281F2186A0BD00916B9C /* Debug */,
				E8E128202186A0BD00916B9C /* Release */,
			);
			defaultConfigurationIsVisible = 0;
			defaultConfigurationName = Release;
		};
		E8E128212186A0BD00916B9C /* Build configuration list for PBXNativeTarget "ReminderUITests" */ = {
			isa = XCConfigurationList;
			buildConfigurations = (
				E8E128222186A0BD00916B9C /* Debug */,
				E8E128232186A0BD00916B9C /* Release */,
			);
			defaultConfigurationIsVisible = 0;
			defaultConfigurationName = Release;
		};
/* End XCConfigurationList section */
	};
	rootObject = E8E127EB2186A0BC00916B9C /* Project object */;
}
